
Microsoft Visual Studio Solution File, Format Version 12.00
# Visual Studio 2012
Project("{FAE04EC0-301F-11D3-BF4B-00C04F79EFBC}") = "HowThingsWorks", "HowThingsWorks\HowThingsWorks.csproj", "{4774725A-332F-46C6-AFD4-061949958848}"
EndProject
Project("{FAE04EC0-301F-11D3-BF4B-00C04F79EFBC}") = "HowThingsWorks.System", "HowThingsWorks.System\HowThingsWorks.System.csproj", "{F5FC10DA-4693-4497-9995-C56D9B701873}"
EndProject
Project("{2150E333-8FDC-42A3-9474-1A3956D46DE8}") = ".nuget", ".nuget", "{7BFDCCAB-0EFB-44BB-AAE4-AA0AA0B527D0}"
	ProjectSection(SolutionItems) = preProject
		.nuget\NuGet.Config = .nuget\NuGet.Config
		.nuget\NuGet.exe = .nuget\NuGet.exe
		.nuget\NuGet.targets = .nuget\NuGet.targets
	EndProjectSection
EndProject
Project("{FAE04EC0-301F-11D3-BF4B-00C04F79EFBC}") = "HowThingsWorks.Debugging", "HowThingsWorks.Debugging\HowThingsWorks.Debugging.csproj", "{5F4FF97A-DA71-4F48-968F-D622EF8CE1B9}"
EndProject
Global
	GlobalSection(SolutionConfigurationPlatforms) = preSolution
		Debug|Any CPU = Debug|Any CPU
		Release|Any CPU = Release|Any CPU
	EndGlobalSection
	GlobalSection(ProjectConfigurationPlatforms) = postSolution
		{4774725A-332F-46C6-AFD4-061949958848}.Debug|Any CPU.ActiveCfg = Debug|Any CPU
		{4774725A-332F-46C6-AFD4-061949958848}.Debug|Any CPU.Build.0 = Debug|Any CPU
		{4774725A-332F-46C6-AFD4-061949958848}.Release|Any CPU.ActiveCfg = Release|Any CPU
		{4774725A-332F-46C6-AFD4-061949958848}.Release|Any CPU.Build.0 = Release|Any CPU
		{F5FC10DA-4693-4497-9995-C56D9B701873}.Debug|Any CPU.ActiveCfg = Debug|Any CPU
		{F5FC10DA-4693-4497-9995-C56D9B701873}.Debug|Any CPU.Build.0 = Debug|Any CPU
		{F5FC10DA-4693-4497-9995-C56D9B701873}.Release|Any CPU.ActiveCfg = Release|Any CPU
		{F5FC10DA-4693-4497-9995-C56D9B701873}.Release|Any CPU.Build.0 = Release|Any CPU
		{5F4FF97A-DA71-4F48-968F-D622EF8CE1B9}.Debug|Any CPU.ActiveCfg = Debug|Any CPU
		{5F4FF97A-DA71-4F48-968F-D622EF8CE1B9}.Debug|Any CPU.Build.0 = Debug|Any CPU
		{5F4FF97A-DA71-4F48-968F-D622EF8CE1B9}.Release|Any CPU.ActiveCfg = Release|Any CPU
		{5F4FF97A-DA71-4F48-968F-D622EF8CE1B9}.Release|Any CPU.Build.0 = Release|Any CPU
	EndGlobalSection
	GlobalSection(SolutionProperties) = preSolution
		HideSolutionNode = FALSE
	EndGlobalSection
EndGlobal
